# Generated by conda-lock.
# platform: win-64
# input_hash: 3884f88d34d0c67c61bb9a98ae87ba31b5e02f2cb897b7ae4a2ac51a61b132b8
@EXPLICIT
https://conda.anaconda.org/conda-forge/win-64/ca-certificates-2023.5.7-h56e8100_0.conda#604212634bd8c4d6f20d44b946e8eedb
https://conda.anaconda.org/conda-forge/noarch/font-ttf-dejavu-sans-mono-2.37-hab24e00_0.tar.bz2#0c96522c6bdaed4b1566d11387caaf45
https://conda.anaconda.org/conda-forge/noarch/font-ttf-inconsolata-3.000-h77eed37_0.tar.bz2#34893075a5c9e55cdafac56607368fc6
https://conda.anaconda.org/conda-forge/noarch/font-ttf-source-code-pro-2.038-h77eed37_0.tar.bz2#4d59c254e01d9cde7957100457e2d5fb
https://conda.anaconda.org/conda-forge/noarch/font-ttf-ubuntu-0.83-hab24e00_0.tar.bz2#19410c3df09dfb12d1206132a1d357c5
https://conda.anaconda.org/conda-forge/win-64/intel-openmp-2023.1.0-h57928b3_46319.conda#dbc4636f419722fbf3ab6501377228ba
https://conda.anaconda.org/conda-forge/win-64/libexpat-2.5.0-h63175ca_1.conda#636cc3cbbd2e28bcfd2f73b2044aac2c
https://conda.anaconda.org/conda-forge/win-64/msys2-conda-epoch-20160418-1.tar.bz2#b0309b72560df66f71a9d5e34a5efdfa
https://conda.anaconda.org/conda-forge/noarch/poppler-data-0.4.12-hd8ed1ab_0.conda#d8d7293c5b37f39b2ac32940621c6592
https://conda.anaconda.org/conda-forge/win-64/python_abi-3.9-3_cp39.conda#c7f654abbee61f9a03f54e9064e79e89
https://conda.anaconda.org/conda-forge/noarch/tzdata-2023c-h71feb2d_0.conda#939e3e74d8be4dac89ce83b20de2492a
https://conda.anaconda.org/conda-forge/win-64/ucrt-10.0.22621.0-h57928b3_0.tar.bz2#72608f6cd3e5898229c3ea16deb1ac43
https://conda.anaconda.org/conda-forge/win-64/expat-2.5.0-h63175ca_1.conda#87c77fe1b445aedb5c6d207dd236fa3e
https://conda.anaconda.org/conda-forge/noarch/fonts-conda-forge-1-0.tar.bz2#f766549260d6815b0c52253f1fb1bb29
https://conda.anaconda.org/conda-forge/win-64/m2w64-gmp-6.1.0-2.tar.bz2#53a1c73e1e3d185516d7e3af177596d9
https://conda.anaconda.org/conda-forge/win-64/m2w64-libwinpthread-git-5.0.0.4634.697f757-2.tar.bz2#774130a326dee16f1ceb05cc687ee4f0
https://conda.anaconda.org/conda-forge/win-64/vc14_runtime-14.34.31931-h5081d32_16.conda#22125178654c6a8a393f9743d585704b
https://conda.anaconda.org/conda-forge/noarch/fonts-conda-ecosystem-1-0.tar.bz2#fee5683a3f04bd15cbd8318b096a27ab
https://conda.anaconda.org/conda-forge/win-64/m2w64-gcc-libs-core-5.3.0-7.tar.bz2#4289d80fb4d272f1f3b56cfe87ac90bd
https://conda.anaconda.org/conda-forge/win-64/vc-14.3-hb25d44b_16.conda#ea326b37e3bd6d2616988e09f3a9396c
https://conda.anaconda.org/conda-forge/win-64/vs2015_runtime-14.34.31931-hed1258a_16.conda#0374eae69b6dbfb27c3dc27167109eb4
https://conda.anaconda.org/conda-forge/win-64/bzip2-1.0.8-h8ffe710_4.tar.bz2#7c03c66026944073040cb19a4f3ec3c9
https://conda.anaconda.org/conda-forge/win-64/geos-3.11.2-h1537add_0.conda#fce89f5f79ad360e5c183d0e982da42e
https://conda.anaconda.org/conda-forge/win-64/icu-72.1-h63175ca_0.conda#a108731562663d787066bd17c9595114
https://conda.anaconda.org/conda-forge/win-64/lerc-4.0.0-h63175ca_0.tar.bz2#1900cb3cab5055833cfddb0ba233b074
https://conda.anaconda.org/conda-forge/win-64/libabseil-20230125.2-cxx17_h63175ca_2.conda#828f6bb057da235a4703ed33192f81c5
https://conda.anaconda.org/conda-forge/win-64/libaec-1.0.6-h63175ca_1.conda#f98474a8245f55f4a273889dbe7bf193
https://conda.anaconda.org/conda-forge/win-64/libbrotlicommon-1.0.9-hcfcfb64_8.tar.bz2#e8078e37208cd7d3e1eb5053f370ded8
https://conda.anaconda.org/conda-forge/win-64/libdeflate-1.18-hcfcfb64_0.conda#493acc14c556ef6f1d13ba00b099c679
https://conda.anaconda.org/conda-forge/win-64/libffi-3.4.2-h8ffe710_5.tar.bz2#2c96d1b6915b408893f9472569dee135
https://conda.anaconda.org/conda-forge/win-64/libiconv-1.17-h8ffe710_0.tar.bz2#050119977a86e4856f0416e2edcf81bb
https://conda.anaconda.org/conda-forge/win-64/libjpeg-turbo-2.1.5.1-hcfcfb64_0.conda#f2fad2ae9f1365e343e4329fdb1e9d63
https://conda.anaconda.org/conda-forge/win-64/libsqlite-3.42.0-hcfcfb64_0.conda#9a71d93deb99cc09d8939d5235b5909a
https://conda.anaconda.org/conda-forge/win-64/libwebp-base-1.3.0-hcfcfb64_0.conda#381a3645c51cbf478872899b16490318
https://conda.anaconda.org/conda-forge/win-64/libzlib-1.2.13-hcfcfb64_4.tar.bz2#0cc5c5cc64ee1637f37f8540a175854c
https://conda.anaconda.org/conda-forge/win-64/lz4-c-1.9.4-hcfcfb64_0.conda#e34720eb20a33fc3bfb8451dd837ab7a
https://conda.anaconda.org/conda-forge/win-64/lzo-2.10-he774522_1000.tar.bz2#d5cf4b7eaa52316f135eed9e8548ad57
https://conda.anaconda.org/conda-forge/win-64/m2w64-gcc-libgfortran-5.3.0-6.tar.bz2#066552ac6b907ec6d72c0ddab29050dc
https://conda.anaconda.org/conda-forge/win-64/openssl-3.1.1-hcfcfb64_0.conda#bdd4c24852040b4446b88120b53906c4
https://conda.anaconda.org/conda-forge/win-64/pixman-0.40.0-h8ffe710_0.tar.bz2#32b45d3fcffddc84cc1a014a0b5f0d58
https://conda.anaconda.org/conda-forge/win-64/snappy-1.1.10-hfb803bf_0.conda#cff1df79c9cff719460eb2dd172568de
https://conda.anaconda.org/conda-forge/win-64/tbb-2021.7.0-h91493d7_0.tar.bz2#f57be598137919e4f7e7d159960d66a1
https://conda.anaconda.org/conda-forge/win-64/tk-8.6.12-h8ffe710_0.tar.bz2#c69a5047cc9291ae40afd4a1ad6f0c0f
https://conda.anaconda.org/conda-forge/win-64/xerces-c-3.2.4-h63175ca_2.conda#8ba57760b15d0c2493192908317bdf5e
https://conda.anaconda.org/conda-forge/win-64/xz-5.2.6-h8d14728_0.tar.bz2#515d77642eaa3639413c6b1bc3f94219
https://conda.anaconda.org/conda-forge/win-64/yaml-0.2.5-h8ffe710_2.tar.bz2#adbfb9f45d1004a26763652246a33764
https://conda.anaconda.org/conda-forge/win-64/freexl-1.0.6-h67ca5e6_1.tar.bz2#7ddb6e879c46e78eec37f956b3ffe743
https://conda.anaconda.org/conda-forge/win-64/gettext-0.21.1-h5728263_0.tar.bz2#299d4fd6798a45337042ff5a48219e5f
https://conda.anaconda.org/conda-forge/win-64/hdf4-4.2.15-h1334946_6.conda#5777b72b13771944e15a839dd617c964
https://conda.anaconda.org/conda-forge/win-64/krb5-1.20.1-heb0366b_0.conda#a07b05ee8f451ab15698397185efe989
https://conda.anaconda.org/conda-forge/win-64/libbrotlidec-1.0.9-hcfcfb64_8.tar.bz2#99839d9d81f33afa173c0fa82a702038
https://conda.anaconda.org/conda-forge/win-64/libbrotlienc-1.0.9-hcfcfb64_8.tar.bz2#88e62627120c20289bf8982b15e0a6a1
https://conda.anaconda.org/conda-forge/win-64/libpng-1.6.39-h19919ed_0.conda#ab6febdb2dbd9c00803609079db4de71
https://conda.anaconda.org/conda-forge/win-64/libprotobuf-4.23.2-h1975477_1.conda#470319369ba293092add61c67a103866
https://conda.anaconda.org/conda-forge/win-64/librttopo-1.1.0-he1da8c1_13.conda#8b2baf1a9f17576939439cde1f87babe
https://conda.anaconda.org/conda-forge/win-64/libssh2-1.10.0-h9a1e1f7_3.tar.bz2#c2b344e960a173c777bb3ed172c38cd8
https://conda.anaconda.org/conda-forge/win-64/libxml2-2.11.4-hc3477c8_0.conda#586627982a63815637f871a6360fe3f9
https://conda.anaconda.org/conda-forge/win-64/libzip-1.9.2-h519de47_1.tar.bz2#9c3138e53e36c0c161a23d20db91297b
https://conda.anaconda.org/conda-forge/win-64/m2w64-gcc-libs-5.3.0-7.tar.bz2#fe759119b8b3bfa720b8762c6fdc35de
https://conda.anaconda.org/conda-forge/win-64/mkl-2022.1.0-h6a75c08_874.tar.bz2#2ff89a7337a9636029b4db9466e9f8e3
https://conda.anaconda.org/conda-forge/win-64/pcre2-10.40-h17e33f8_0.tar.bz2#2519de0d9620dc2bc7e19caf6867136d
https://conda.anaconda.org/conda-forge/win-64/python-3.9.16-h4de0772_0_cpython.conda#83b66ea4ff5c437502a06cd2de8cd681
https://conda.anaconda.org/conda-forge/win-64/sqlite-3.42.0-hcfcfb64_0.conda#c505cc64dba674d4c419c0de772c8579
https://conda.anaconda.org/conda-forge/win-64/zlib-1.2.13-hcfcfb64_4.tar.bz2#eed9fec3e6d2e8865135b09d24ca040c
https://conda.anaconda.org/conda-forge/win-64/zstd-1.5.2-h12be248_6.conda#62826565682d013b3e2346aaf7bded0e
https://conda.anaconda.org/conda-forge/noarch/affine-2.4.0-pyhd8ed1ab_0.conda#ae5f4ad87126c55ba3f690ef07f81d64
https://conda.anaconda.org/conda-forge/noarch/asciitree-0.3.3-py_2.tar.bz2#c0481c9de49f040272556e2cedf42816
https://conda.anaconda.org/conda-forge/noarch/attrs-23.1.0-pyh71513ae_1.conda#3edfead7cedd1ab4400a6c588f3e75f8
https://conda.anaconda.org/conda-forge/win-64/blosc-1.21.4-hdccc3a2_0.conda#6d88663e0ddd031e0d41f2913bbe10cc
https://conda.anaconda.org/conda-forge/win-64/boost-cpp-1.78.0-h9f4b32c_3.conda#09805934b78b0cd1a28d9e72a2a4778b
https://conda.anaconda.org/conda-forge/win-64/brotli-bin-1.0.9-hcfcfb64_8.tar.bz2#e18b70ed349d96086fd60a9c642b1b58
https://conda.anaconda.org/conda-forge/noarch/certifi-2023.5.7-pyhd8ed1ab_0.conda#5d1b71c942b8421285934dad1d891ebc
https://conda.anaconda.org/conda-forge/noarch/charset-normalizer-3.1.0-pyhd8ed1ab_0.conda#7fcff9f6f123696e940bda77bd4d6551
https://conda.anaconda.org/conda-forge/noarch/cloudpickle-2.2.1-pyhd8ed1ab_0.conda#b325bfc4cff7d7f8a868f1f7ecc4ed16
https://conda.anaconda.org/conda-forge/noarch/colorama-0.4.6-pyhd8ed1ab_0.tar.bz2#3faab06a954c2a04039983f2c4a50d99
https://conda.anaconda.org/conda-forge/noarch/entrypoints-0.4-pyhd8ed1ab_0.tar.bz2#3cf04868fee0a029769bd41f4b2fbf2d
https://conda.anaconda.org/conda-forge/noarch/fasteners-0.17.3-pyhd8ed1ab_0.tar.bz2#348e27e78a5e39090031448c72f66d5e
https://conda.anaconda.org/conda-forge/win-64/freetype-2.12.1-h546665d_1.conda#1b513009cd012591f3fdc9e03a74ec0a
https://conda.anaconda.org/conda-forge/noarch/fsspec-2023.5.0-pyh1a96a4e_0.conda#20edd290b319aa0eff3e9055375756dc
https://conda.anaconda.org/conda-forge/noarch/idna-3.4-pyhd8ed1ab_0.tar.bz2#34272b248891bddccc64479f9a7fffed
https://conda.anaconda.org/conda-forge/noarch/itsdangerous-2.1.2-pyhd8ed1ab_0.tar.bz2#3c3de74912f11d2b590184f03c7cd09b
https://conda.anaconda.org/conda-forge/win-64/libarchive-3.6.2-h6f8411a_1.conda#314124476882f64abc20b76148d2909b
https://conda.anaconda.org/conda-forge/win-64/libblas-3.9.0-16_win64_mkl.tar.bz2#d2e6f4e86cee2b4e8c27ff6884ccdc61
https://conda.anaconda.org/conda-forge/win-64/libcurl-8.1.2-h68f0423_0.conda#94b9b7d0e882461fdb72d8d4e7441746
https://conda.anaconda.org/conda-forge/win-64/libglib-2.76.3-he8f3873_0.conda#4695e6acaf4790170161048d56cb51fc
https://conda.anaconda.org/conda-forge/win-64/libpq-15.3-ha9684e8_1.conda#593fbdd2cd79f98a97cd79cf6115032a
https://conda.anaconda.org/conda-forge/win-64/libtiff-4.5.0-h6c8260b_6.conda#12628df645fcf0f74922138858724831
https://conda.anaconda.org/conda-forge/noarch/locket-1.0.0-pyhd8ed1ab_0.tar.bz2#91e27ef3d05cc772ce627e51cff111c4
https://conda.anaconda.org/conda-forge/win-64/markupsafe-2.1.2-py39ha55989b_0.conda#31cc450a9c33c89efce33693e3977b01
https://conda.anaconda.org/conda-forge/win-64/msgpack-python-1.0.5-py39h1f6ef14_0.conda#b5e111aee8fac27f002b1d71b75da941
https://conda.anaconda.org/conda-forge/noarch/packaging-23.1-pyhd8ed1ab_0.conda#91cda59e66e1e4afe9476f8ef98f5c30
https://conda.anaconda.org/conda-forge/noarch/pyparsing-3.0.9-pyhd8ed1ab_0.tar.bz2#e8fbc1b54b25f4b08281467bc13b70cc
https://conda.anaconda.org/conda-forge/noarch/pytz-2023.3-pyhd8ed1ab_0.conda#d3076b483092a435832603243567bc31
https://conda.anaconda.org/conda-forge/win-64/pyyaml-6.0-py39ha55989b_5.tar.bz2#03968ff66723b72b793e94033d0fbb2f
https://conda.anaconda.org/conda-forge/win-64/setuptools-59.8.0-py39hcbf5309_1.tar.bz2#47c36361b12024db7cbd86e28435bc3c
https://conda.anaconda.org/conda-forge/noarch/six-1.16.0-pyh6c4a22f_0.tar.bz2#e5f25f8dbc060e9a8d912e432202afc2
https://conda.anaconda.org/conda-forge/noarch/tenacity-8.2.2-pyhd8ed1ab_0.conda#7b39e842b52966a99e229739cd4dc36e
https://conda.anaconda.org/conda-forge/noarch/toolz-0.12.0-pyhd8ed1ab_0.tar.bz2#92facfec94bc02d6ccf42e7173831a36
https://conda.anaconda.org/conda-forge/noarch/typing_extensions-4.6.2-pyha770c72_0.conda#5a4a270e5a3f93846d6bade2f71fa440
https://conda.anaconda.org/conda-forge/noarch/werkzeug-2.0.3-pyhd8ed1ab_1.tar.bz2#369e03b5f96efd7942c7bc9571d6ff9c
https://conda.anaconda.org/conda-forge/noarch/wheel-0.40.0-pyhd8ed1ab_0.conda#49bb0d9e60ce1db25e151780331bb5f3
https://conda.anaconda.org/conda-forge/noarch/win_inet_pton-1.1.0-pyhd8ed1ab_6.tar.bz2#30878ecc4bd36e8deeea1e3c151b2e0b
https://conda.anaconda.org/conda-forge/noarch/zipp-3.15.0-pyhd8ed1ab_0.conda#13018819ca8f5b7cc675a8faf1f5fedf
https://conda.anaconda.org/conda-forge/win-64/brotli-1.0.9-hcfcfb64_8.tar.bz2#2e661f21e1741c11506bdc7226e6b0bc
https://conda.anaconda.org/conda-forge/win-64/cfitsio-4.2.0-h9ebe7e4_0.conda#cccd314cbeea4f2f70f73c763d9660e8
https://conda.anaconda.org/conda-forge/noarch/click-8.1.3-win_pyhd8ed1ab_2.tar.bz2#6b58680207b526c42dcff68b543803dd
https://conda.anaconda.org/conda-forge/win-64/curl-8.1.2-h68f0423_0.conda#fc67d347f9eaa7922fd7bc26bfa5419b
https://conda.anaconda.org/conda-forge/win-64/fontconfig-2.14.2-hbde0cde_0.conda#08767992f1a4f1336a257af1241034bd
https://conda.anaconda.org/conda-forge/win-64/hdf5-1.14.0-nompi_h918d9b7_103.conda#cdd3ab75e65f0aad08ff7e25a4dc825d
https://conda.anaconda.org/conda-forge/noarch/importlib-metadata-6.6.0-pyha770c72_0.conda#f91a5d5175fb7ff2a91952ec7da59cb9
https://conda.anaconda.org/conda-forge/noarch/jinja2-3.1.2-pyhd8ed1ab_1.tar.bz2#c8490ed5c70966d232fdd389d0dbed37
https://conda.anaconda.org/conda-forge/win-64/lcms2-2.15-h3e3b177_1.conda#a76c36ad1b4b87f038d67890122d08ec
https://conda.anaconda.org/conda-forge/win-64/libcblas-3.9.0-16_win64_mkl.tar.bz2#14c2fb03b2bb14dfa3806186ca91d557
https://conda.anaconda.org/conda-forge/win-64/libkml-1.3.0-hf2ab4e4_1015.tar.bz2#1f50b25e87cefda820cb71fb643bc021
https://conda.anaconda.org/conda-forge/win-64/liblapack-3.9.0-16_win64_mkl.tar.bz2#be2f9d5712a5bb05cd900005ee752a05
https://conda.anaconda.org/conda-forge/win-64/openjpeg-2.5.0-ha2aaf27_2.conda#db0490689232e8e38c312281df6f31a2
https://conda.anaconda.org/conda-forge/noarch/partd-1.4.0-pyhd8ed1ab_0.conda#721dab5803ea92ce02ddc4ee50aa0c48
https://conda.anaconda.org/conda-forge/noarch/pip-23.1.2-pyhd8ed1ab_0.conda#7288da0d36821349cf1126e8670292df
https://conda.anaconda.org/conda-forge/noarch/plotly-5.14.1-pyhd8ed1ab_0.conda#f64bedfdb8e3f93ac69b84f530397d0e
https://conda.anaconda.org/conda-forge/win-64/postgresql-15.3-h96452e4_1.conda#26c2efbaa34ccc64e5e57dbdd2d38cc4
https://conda.anaconda.org/conda-forge/win-64/proj-9.2.0-heca977f_0.conda#a5c7a6b34d994f46b3cbf16d2acb383d
https://conda.anaconda.org/conda-forge/win-64/protobuf-4.23.2-py39ha25027d_0.conda#c265fbcb78e5ca4516390ff42e45ee88
https://conda.anaconda.org/conda-forge/win-64/psycopg2-2.9.3-py39h0213f17_2.conda#c964f0d4c06f9482100843540d25a680
https://conda.anaconda.org/conda-forge/noarch/pysocks-1.7.1-pyh0701188_6.tar.bz2#56cd9fe388baac0e90c7149cfac95b60
https://conda.anaconda.org/conda-forge/noarch/python-dateutil-2.8.2-pyhd8ed1ab_0.tar.bz2#dd999d1cc9f79e67dbb855c8924c7984
https://conda.anaconda.org/conda-forge/noarch/typing-extensions-4.6.2-hd8ed1ab_0.conda#f676553904bb8f7c1dfe71c9db0d9ba7
https://conda.anaconda.org/conda-forge/win-64/cairo-1.16.0-hdecc03f_1016.conda#d5a082e08ff9a0206ad03ebb0fafdf8d
https://conda.anaconda.org/conda-forge/noarch/click-plugins-1.1.1-py_0.tar.bz2#4fd2c6b53934bd7d96d1f3fdaf99b79f
https://conda.anaconda.org/conda-forge/noarch/cligj-0.7.2-pyhd8ed1ab_1.tar.bz2#a29b7c141d6b2de4bb67788a5f107734
https://conda.anaconda.org/conda-forge/noarch/flask-2.1.3-pyhd8ed1ab_0.tar.bz2#4b95b1c750d6d737905cdb447f097b9c
https://conda.anaconda.org/conda-forge/noarch/geobuf-1.1.1-pyh9f0ad1d_0.tar.bz2#8e12e8f59e69f137b4e71d59d3c84fdb
https://conda.anaconda.org/conda-forge/win-64/geotiff-1.7.1-h7222e44_8.conda#f042eaae4fad4f00072e5db373c73aee
https://conda.anaconda.org/conda-forge/noarch/importlib_metadata-6.6.0-hd8ed1ab_0.conda#3cbc9615f10a3d471532b83e4250b971
https://conda.anaconda.org/conda-forge/win-64/kealib-1.5.1-hc8369a0_3.conda#3df257a636743a428882b29b0bcfc600
https://conda.anaconda.org/conda-forge/win-64/libnetcdf-4.9.2-nompi_ha5afab8_105.conda#a5f8e5024b223469f1035fc3abdc94b3
https://conda.anaconda.org/conda-forge/win-64/libspatialite-5.0.1-hca1f1ac_26.conda#961cd188e24817aeea11554cdbf0cbfa
https://conda.anaconda.org/conda-forge/win-64/numpy-1.24.3-py39h816b6a6_0.conda#9b48d066a664d421b1db4e0bfeaf8e3b
https://conda.anaconda.org/conda-forge/noarch/platformdirs-3.5.1-pyhd8ed1ab_0.conda#e2be672aece1f060adf7154f76531a35
https://conda.anaconda.org/conda-forge/win-64/tiledb-2.13.2-h3132609_0.conda#07426c5e1301448738f66686548d41ff
https://conda.anaconda.org/conda-forge/noarch/urllib3-2.0.2-pyhd8ed1ab_0.conda#81a763f3c64fe6d5f32e033b0325265d
https://conda.anaconda.org/conda-forge/win-64/bottleneck-1.3.7-py39hc266a54_0.conda#e2f6429418545224ec5139c69208012d
https://conda.anaconda.org/conda-forge/win-64/cftime-1.6.2-py39hc266a54_1.tar.bz2#2ac76c76fae9ed6163c9755b7adb380c
https://conda.anaconda.org/conda-forge/noarch/dash-2.9.3-pyhd8ed1ab_2.conda#c430fe824b44f2189eb82ea480f40b05
https://conda.anaconda.org/conda-forge/noarch/dask-core-2023.5.1-pyhd8ed1ab_0.conda#b90a2dec6d308d71649dbe58dc32c337
https://conda.anaconda.org/conda-forge/win-64/numcodecs-0.11.0-py39h99910a6_1.conda#33fe7db27b798730c407cd6e88c6c605
https://conda.anaconda.org/fastai/win-64/opencv-python-headless-4.7.0.72-py39_0.tar.bz2#0572a1f1a786acd27cbfe5a3d610497d
https://conda.anaconda.org/conda-forge/win-64/pandas-1.3.5-py39h2e25243_0.tar.bz2#5eeed494679a07b25c19621066634aba
https://conda.anaconda.org/conda-forge/win-64/poppler-23.05.0-h45d20d0_1.conda#4777ef1e95163f5fc3476c4c6abdf3bd
https://conda.anaconda.org/conda-forge/noarch/requests-2.31.0-pyhd8ed1ab_0.conda#a30144e4156cdbb236f99ebb49828f8b
https://conda.anaconda.org/conda-forge/win-64/shapely-2.0.1-py39h4440df4_1.conda#b251c9752f21a3e0dc5322be35ffea5f
https://conda.anaconda.org/conda-forge/noarch/snuggs-1.4.7-py_0.tar.bz2#cb83a3d6ecf73f50117635192414426a
https://conda.anaconda.org/conda-forge/noarch/dash-bootstrap-components-1.4.1-pyhd8ed1ab_0.conda#488b48160d23fe26f66fac447ae8a6ae
https://conda.anaconda.org/conda-forge/noarch/dash-leaflet-0.1.23-pyhd8ed1ab_0.tar.bz2#e2b8a722cbd53064e931e7aa5ef30cc2
https://conda.anaconda.org/conda-forge/win-64/libgdal-3.7.0-h4083641_1.conda#724522eb2a40b05f48ad8ba8d361333b
https://conda.anaconda.org/conda-forge/win-64/netcdf4-1.6.3-nompi_py39h9ccb2f7_102.conda#eb9fff21fadbb3423300e4220a5390c6
https://conda.anaconda.org/conda-forge/noarch/pooch-1.7.0-pyha770c72_3.conda#5936894aade8240c867d292aa0d980c6
https://conda.anaconda.org/conda-forge/noarch/xarray-2023.1.0-pyhd8ed1ab_0.conda#c11eb03b6f77a0d22ae88c454c940f55
https://conda.anaconda.org/conda-forge/noarch/zarr-2.14.2-pyhd8ed1ab_0.conda#0c5776fe65a12a421d7ddf90411a6c3f
https://conda.anaconda.org/iri-nextgen/noarch/cptio-1.0.2-cptio.tar.bz2#dfb776ea6c34ccf2b6f558873f634e3e
https://conda.anaconda.org/conda-forge/win-64/rasterio-1.3.7-py39h70bc735_1.conda#6738e7bd0c1ad16452fe836db7b99e07
https://conda.anaconda.org/conda-forge/win-64/scipy-1.10.1-py39hde5eda1_3.conda#8abf202e8e71ea7233aa6c9f02fcdec6
